Microsoft Visual Studio Solution File, Format Version 12.00
# Visual Studio Version 16
VisualStudioVersion = 16.0.0.0
MinimumVisualStudioVersion = 16.0.0.0
Project("{9A19103F-16F7-4668-BE54-9A1E7A4F7556}") = "Artisan.Next", "Artisan.Next\Artisan.Next.csproj", "{813A7DA7-0060-4BF3-B4DE-D12E6C4F1790}"
EndProject
Project("{9A19103F-16F7-4668-BE54-9A1E7A4F7556}") = "Artisan.Next.Client", "Artisan.Next.Client\Artisan.Next.Client.csproj", "{CD818FF7-9601-46F8-9B06-743F94CF26BE}"
EndProject
Project("{2150E333-8FDC-42A3-9474-1A3956D46DE8}") = "Solution Items", "Solution Items", "{1F5E5EF8-309D-4E4C-9C77-F0441895AD18}"
	ProjectSection(SolutionItems) = preProject
		.gitignore = .gitignore
		docker-compose.yml = docker-compose.yml
		.env = .env
		nginx.conf = nginx.conf
		README.md = README.md
	EndProjectSection
EndProject
Project("{FAE04EC0-301F-11D3-BF4B-00C04F79EFBC}") = "Artisan.Next.Tests", "Artisan.Next.Tests\Artisan.Next.Tests.csproj", "{37E09F07-4063-418E-BCF0-B7040C89F2B6}"
EndProject
Global
	GlobalSection(SolutionConfigurationPlatforms) = preSolution
		Debug|Any CPU = Debug|Any CPU
		Debug|x64 = Debug|x64
		Debug|x86 = Debug|x86
		Release|Any CPU = Release|Any CPU
		Release|x64 = Release|x64
		Release|x86 = Release|x86
	EndGlobalSection
	GlobalSection(ProjectConfigurationPlatforms) = postSolution
		{CD818FF7-9601-46F8-9B06-743F94CF26BE}.Debug|Any CPU.ActiveCfg = Debug|Any CPU
		{CD818FF7-9601-46F8-9B06-743F94CF26BE}.Debug|Any CPU.Build.0 = Debug|Any CPU
		{CD818FF7-9601-46F8-9B06-743F94CF26BE}.Debug|x64.ActiveCfg = Debug|Any CPU
		{CD818FF7-9601-46F8-9B06-743F94CF26BE}.Debug|x64.Build.0 = Debug|Any CPU
		{CD818FF7-9601-46F8-9B06-743F94CF26BE}.Debug|x86.ActiveCfg = Debug|Any CPU
		{CD818FF7-9601-46F8-9B06-743F94CF26BE}.Debug|x86.Build.0 = Debug|Any CPU
		{CD818FF7-9601-46F8-9B06-743F94CF26BE}.Release|Any CPU.ActiveCfg = Release|Any CPU
		{CD818FF7-9601-46F8-9B06-743F94CF26BE}.Release|Any CPU.Build.0 = Release|Any CPU
		{CD818FF7-9601-46F8-9B06-743F94CF26BE}.Release|x64.ActiveCfg = Release|Any CPU
		{CD818FF7-9601-46F8-9B06-743F94CF26BE}.Release|x64.Build.0 = Release|Any CPU
		{CD818FF7-9601-46F8-9B06-743F94CF26BE}.Release|x86.ActiveCfg = Release|Any CPU
		{CD818FF7-9601-46F8-9B06-743F94CF26BE}.Release|x86.Build.0 = Release|Any CPU
		{813A7DA7-0060-4BF3-B4DE-D12E6C4F1790}.Debug|Any CPU.ActiveCfg = Debug|Any CPU
		{813A7DA7-0060-4BF3-B4DE-D12E6C4F1790}.Debug|Any CPU.Build.0 = Debug|Any CPU
		{813A7DA7-0060-4BF3-B4DE-D12E6C4F1790}.Debug|x64.ActiveCfg = Debug|Any CPU
		{813A7DA7-0060-4BF3-B4DE-D12E6C4F1790}.Debug|x64.Build.0 = Debug|Any CPU
		{813A7DA7-0060-4BF3-B4DE-D12E6C4F1790}.Debug|x86.ActiveCfg = Debug|Any CPU
		{813A7DA7-0060-4BF3-B4DE-D12E6C4F1790}.Debug|x86.Build.0 = Debug|Any CPU
		{813A7DA7-0060-4BF3-B4DE-D12E6C4F1790}.Release|Any CPU.ActiveCfg = Release|Any CPU
		{813A7DA7-0060-4BF3-B4DE-D12E6C4F1790}.Release|Any CPU.Build.0 = Release|Any CPU
		{813A7DA7-0060-4BF3-B4DE-D12E6C4F1790}.Release|x64.ActiveCfg = Release|Any CPU
		{813A7DA7-0060-4BF3-B4DE-D12E6C4F1790}.Release|x64.Build.0 = Release|Any CPU
		{813A7DA7-0060-4BF3-B4DE-D12E6C4F1790}.Release|x86.ActiveCfg = Release|Any CPU
		{813A7DA7-0060-4BF3-B4DE-D12E6C4F1790}.Release|x86.Build.0 = Release|Any CPU
		{37E09F07-4063-418E-BCF0-B7040C89F2B6}.Debug|Any CPU.ActiveCfg = Debug|Any CPU
		{37E09F07-4063-418E-BCF0-B7040C89F2B6}.Debug|Any CPU.Build.0 = Debug|Any CPU
		{37E09F07-4063-418E-BCF0-B7040C89F2B6}.Debug|x64.ActiveCfg = Debug|Any CPU
		{37E09F07-4063-418E-BCF0-B7040C89F2B6}.Debug|x64.Build.0 = Debug|Any CPU
		{37E09F07-4063-418E-BCF0-B7040C89F2B6}.Debug|x86.ActiveCfg = Debug|Any CPU
		{37E09F07-4063-418E-BCF0-B7040C89F2B6}.Debug|x86.Build.0 = Debug|Any CPU
		{37E09F07-4063-418E-BCF0-B7040C89F2B6}.Release|Any CPU.ActiveCfg = Release|Any CPU
		{37E09F07-4063-418E-BCF0-B7040C89F2B6}.Release|Any CPU.Build.0 = Release|Any CPU
		{37E09F07-4063-418E-BCF0-B7040C89F2B6}.Release|x64.ActiveCfg = Release|Any CPU
		{37E09F07-4063-418E-BCF0-B7040C89F2B6}.Release|x64.Build.0 = Release|Any CPU
		{37E09F07-4063-418E-BCF0-B7040C89F2B6}.Release|x86.ActiveCfg = Release|Any CPU
		{37E09F07-4063-418E-BCF0-B7040C89F2B6}.Release|x86.Build.0 = Release|Any CPU
	EndGlobalSection
	GlobalSection(SolutionProperties) = preSolution
		HideSolutionNode = FALSE
	EndGlobalSection
	GlobalSection(ExtensibilityGlobals) = postSolution
		SolutionGuid = {BEBD5D73-CBF7-4A14-B0C8-63EE7054114A}
	EndGlobalSection
EndGlobal
